
Microsoft Visual Studio Solution File, Format Version 12.00
# Visual Studio 15
VisualStudioVersion = 15.0.27428.1
MinimumVisualStudioVersion = 10.0.40219.1
Project("{FAE04EC0-301F-11D3-BF4B-00C04F79EFBC}") = "YouThumbnailer", "YouThumbnailer\YouThumbnailer.csproj", "{AB06040C-4D60-43FB-B379-F58582A24803}"
EndProject
Global
	GlobalSection(SolutionConfigurationPlatforms) = preSolution
		Debug|Any CPU = Debug|Any CPU
		Release|Any CPU = Release|Any CPU
	EndGlobalSection
	GlobalSection(ProjectConfigurationPlatforms) = postSolution
		{AB06040C-4D60-43FB-B379-F58582A24803}.Debug|Any CPU.ActiveCfg = Debug|Any CPU
		{AB06040C-4D60-43FB-B379-F58582A24803}.Debug|Any CPU.Build.0 = Debug|Any CPU
		{AB06040C-4D60-43FB-B379-F58582A24803}.Release|Any CPU.ActiveCfg = Release|Any CPU
		{AB06040C-4D60-43FB-B379-F58582A24803}.Release|Any CPU.Build.0 = Release|Any CPU
	EndGlobalSection
	GlobalSection(SolutionProperties) = preSolution
		HideSolutionNode = FALSE
	EndGlobalSection
	GlobalSection(ExtensibilityGlobals) = postSolution
		SolutionGuid = {3A08B2DF-9F40-4D3B-AEF6-8C59AB2A5CA4}
	EndGlobalSection
EndGlobal
